
Microsoft Visual Studio Solution File, Format Version 12.00
# Visual Studio 15
VisualStudioVersion = 15.0.28307.1401
MinimumVisualStudioVersion = 10.0.40219.1
Project("{8BC9CEB8-8B4A-11D0-8D11-00A0C91BC942}") = "casalago", "casalago\casalago.vcxproj", "{9B44FD68-D374-4A38-86DC-D05440337D1D}"
EndProject
Global
	GlobalSection(SolutionConfigurationPlatforms) = preSolution
		Debug|x64 = Debug|x64
		Debug|x86 = Debug|x86
		Release|x64 = Release|x64
		Release|x86 = Release|x86
	EndGlobalSection
	GlobalSection(ProjectConfigurationPlatforms) = postSolution
		{9B44FD68-D374-4A38-86DC-D05440337D1D}.Debug|x64.ActiveCfg = Debug|x64
		{9B44FD68-D374-4A38-86DC-D05440337D1D}.Debug|x64.Build.0 = Debug|x64
		{9B44FD68-D374-4A38-86DC-D05440337D1D}.Debug|x86.ActiveCfg = Debug|Win32
		{9B44FD68-D374-4A38-86DC-D05440337D1D}.Debug|x86.Build.0 = Debug|Win32
		{9B44FD68-D374-4A38-86DC-D05440337D1D}.Release|x64.ActiveCfg = Release|x64
		{9B44FD68-D374-4A38-86DC-D05440337D1D}.Release|x64.Build.0 = Release|x64
		{9B44FD68-D374-4A38-86DC-D05440337D1D}.Release|x86.ActiveCfg = Release|Win32
		{9B44FD68-D374-4A38-86DC-D05440337D1D}.Release|x86.Build.0 = Release|Win32
	EndGlobalSection
	GlobalSection(SolutionProperties) = preSolution
		HideSolutionNode = FALSE
	EndGlobalSection
	GlobalSection(ExtensibilityGlobals) = postSolution
		SolutionGuid = {2F89EA83-F815-4AED-87F3-2DE9AAF9FFF0}
	EndGlobalSection
EndGlobal
